{
  "name": "beljs",
  "version": "0.0.1alpha",
  "lockfileVersion": 1,
  "requires": true,
  "dependencies": {
    "colors": {
      "version": "0.6.2",
      "resolved": "https://registry.npmjs.org/colors/-/colors-0.6.2.tgz",
      "integrity": "sha1-JCP+ZnisDF2uiFLl0OW+CMmXq8w=",
      "dev": true
    },
    "geast": {
      "version": "0.0.9",
      "resolved": "https://registry.npmjs.org/geast/-/geast-0.0.9.tgz",
      "integrity": "sha512-+k2laH9k56DIvBLKiNkwMunnteSxRwYKCPEaV9vnGZ0uooFjkF0fRZflu/Hqt1MX2Y6aCqQjYKijDWWPY/qtQg=="
    },
    "gelex": {
      "version": "0.0.7",
      "resolved": "https://registry.npmjs.org/gelex/-/gelex-0.0.7.tgz",
      "integrity": "sha512-WW8MOYb6kCepS3GdtKfQCYR6z1w0YJEEE4Bj75l2GK5yRl1F+NtR/n7NBjozuSYw2gP+EvE0XQGSRhVC/lSNSQ=="
    },
    "gepars": {
      "version": "0.0.7",
      "resolved": "https://registry.npmjs.org/gepars/-/gepars-0.0.7.tgz",
      "integrity": "sha512-C5M829kqlTihptIpIrxu1qP+/4QwvQ6Lr2TFPcVgaE27NX7Ez/046Uo1ss9aTtvS3cJcSuFWdJK01YWvoY0w8w=="
    },
    "simpleunit": {
      "version": "0.0.8",
      "resolved": "https://registry.npmjs.org/simpleunit/-/simpleunit-0.0.8.tgz",
      "integrity": "sha512-TDf+AlyvV5Z+c/FGgLxsOvpIaN4ExaSE79XvOcYSGNHLoOnZ1GpfvENyuL/T3j5bIQxlxPag7kvA5C0so7ZN2w==",
      "dev": true,
      "requires": {
        "colors": "0.6.x"
      }
    }
  }
}
